# This file is auto-generated by saga. Do not edit.

[deps.pgo]
hex = "pgo"
version = "0.20.0"
checksum = "2f11e6649ceb38e569ef56b16be1d04874ae5b11a02867080a2817ce423c683b"

[deps.backoff]
hex = "backoff"
version = "1.1.6"
checksum = "cf0cfff8995fb20562f822e5cc47d8ccf664c5ecdc26a684cbe85c225f9d7c39"

[deps.pg_types]
hex = "pg_types"
version = "0.6.0"
checksum = "9949a4849dd13408fa249ab7b745e0d2dfdb9532aee2b9722326e33cd082a778"

[deps.opentelemetry_api]
hex = "opentelemetry_api"
version = "1.5.0"
checksum = "f53ec8a1337ae4a487d43ac89da4bd3a3c99ddf576655d071deed8b56a2d5dda"

[deps.saga_csv]
git = "../../saga_csv"
commit = "852c8541a9f27be26b0725d7be5f6056aba09855"
